// !$*UTF8*$!
{
	archiveVersion = 1;
	classes = {
	};
	objectVersion = 42;
	objects = {

/* Begin PBXBuildFile section */
		5332EAC014A22C36002C43D7 /* InteractiveMesh.cpp in Sources */ = {isa = PBXBuildFile; fileRef = 5332EAB614A22C36002C43D7 /* InteractiveMesh.cpp */; };
		5332EAC214A22C36002C43D7 /* myTrackHand.cpp in Sources */ = {isa = PBXBuildFile; fileRef = 5332EABE14A22C36002C43D7 /* myTrackHand.cpp */; };
		5332EB1D14A22DE8002C43D7 /* tinyxml.cpp in Sources */ = {isa = PBXBuildFile; fileRef = 5332EB1614A22DE8002C43D7 /* tinyxml.cpp */; };
		5332EB1E14A22DE8002C43D7 /* tinyxmlerror.cpp in Sources */ = {isa = PBXBuildFile; fileRef = 5332EB1814A22DE8002C43D7 /* tinyxmlerror.cpp */; };
		5332EB1F14A22DE8002C43D7 /* tinyxmlparser.cpp in Sources */ = {isa = PBXBuildFile; fileRef = 5332EB1914A22DE8002C43D7 /* tinyxmlparser.cpp */; };
		5332EB2014A22DE8002C43D7 /* ofxXmlSettings.cpp in Sources */ = {isa = PBXBuildFile; fileRef = 5332EB1B14A22DE8002C43D7 /* ofxXmlSettings.cpp */; };
		5332EB6514A25083002C43D7 /* SpringMesh.cpp in Sources */ = {isa = PBXBuildFile; fileRef = 5332EB6314A25083002C43D7 /* SpringMesh.cpp */; };
		5332EE6B14B361F1002C43D7 /* ofxMSAInteractiveObject.cpp in Sources */ = {isa = PBXBuildFile; fileRef = 5332EE3E14B361F1002C43D7 /* ofxMSAInteractiveObject.cpp */; };
		5332EE6C14B361F1002C43D7 /* ofxSimpleGuiButton.cpp in Sources */ = {isa = PBXBuildFile; fileRef = 5332EE4914B361F1002C43D7 /* ofxSimpleGuiButton.cpp */; };
		5332EE6D14B361F1002C43D7 /* ofxSimpleGuiColorPicker.cpp in Sources */ = {isa = PBXBuildFile; fileRef = 5332EE4B14B361F1002C43D7 /* ofxSimpleGuiColorPicker.cpp */; };
		5332EE6E14B361F1002C43D7 /* ofxSimpleGuiComboBox.cpp in Sources */ = {isa = PBXBuildFile; fileRef = 5332EE4D14B361F1002C43D7 /* ofxSimpleGuiComboBox.cpp */; };
		5332EE6F14B361F1002C43D7 /* ofxSimpleGuiContent.cpp in Sources */ = {isa = PBXBuildFile; fileRef = 5332EE4F14B361F1002C43D7 /* ofxSimpleGuiContent.cpp */; };
		5332EE7014B361F1002C43D7 /* ofxSimpleGuiFPSCounter.cpp in Sources */ = {isa = PBXBuildFile; fileRef = 5332EE5114B361F1002C43D7 /* ofxSimpleGuiFPSCounter.cpp */; };
		5332EE7114B361F1002C43D7 /* ofxSimpleGuiMovieSlider.cpp in Sources */ = {isa = PBXBuildFile; fileRef = 5332EE5314B361F1002C43D7 /* ofxSimpleGuiMovieSlider.cpp */; };
		5332EE7214B361F1002C43D7 /* ofxSimpleGuiQuadWarp.cpp in Sources */ = {isa = PBXBuildFile; fileRef = 5332EE5514B361F1002C43D7 /* ofxSimpleGuiQuadWarp.cpp */; };
		5332EE7314B361F1002C43D7 /* ofxSimpleGuiSlider2d.cpp in Sources */ = {isa = PBXBuildFile; fileRef = 5332EE5714B361F1002C43D7 /* ofxSimpleGuiSlider2d.cpp */; };
		5332EE7414B361F1002C43D7 /* ofxSimpleGuiTitle.cpp in Sources */ = {isa = PBXBuildFile; fileRef = 5332EE5C14B361F1002C43D7 /* ofxSimpleGuiTitle.cpp */; };
		5332EE7514B361F1002C43D7 /* ofxSimpleGuiToggle.cpp in Sources */ = {isa = PBXBuildFile; fileRef = 5332EE5E14B361F1002C43D7 /* ofxSimpleGuiToggle.cpp */; };
		5332EE7614B361F1002C43D7 /* ofxSimpleGuiConfig.cpp in Sources */ = {isa = PBXBuildFile; fileRef = 5332EE6014B361F1002C43D7 /* ofxSimpleGuiConfig.cpp */; };
		5332EE7714B361F1002C43D7 /* ofxSimpleGuiControl.cpp in Sources */ = {isa = PBXBuildFile; fileRef = 5332EE6214B361F1002C43D7 /* ofxSimpleGuiControl.cpp */; };
		5332EE7814B361F1002C43D7 /* ofxSimpleGuiPage.cpp in Sources */ = {isa = PBXBuildFile; fileRef = 5332EE6514B361F1002C43D7 /* ofxSimpleGuiPage.cpp */; };
		5332EE7914B361F1002C43D7 /* ofxSimpleGuiToo.cpp in Sources */ = {isa = PBXBuildFile; fileRef = 5332EE6714B361F1002C43D7 /* ofxSimpleGuiToo.cpp */; };
		5332EE7A14B361F1002C43D7 /* ofxSimpleGuiValueControl.cpp in Sources */ = {isa = PBXBuildFile; fileRef = 5332EE6914B361F1002C43D7 /* ofxSimpleGuiValueControl.cpp */; };
		53BFB03C14BB096F00CFDF35 /* liboscpack.a in Frameworks */ = {isa = PBXBuildFile; fileRef = 53BFB02214BB096F00CFDF35 /* liboscpack.a */; };
		53BFB03D14BB096F00CFDF35 /* liboscpack.a in Frameworks */ = {isa = PBXBuildFile; fileRef = 53BFB02314BB096F00CFDF35 /* liboscpack.a */; };
		53BFB03E14BB096F00CFDF35 /* osc.a in Frameworks */ = {isa = PBXBuildFile; fileRef = 53BFB02514BB096F00CFDF35 /* osc.a */; };
		53BFB03F14BB096F00CFDF35 /* liboscpack.a in Frameworks */ = {isa = PBXBuildFile; fileRef = 53BFB02714BB096F00CFDF35 /* liboscpack.a */; };
		53BFB04014BB096F00CFDF35 /* liboscpack.a in Frameworks */ = {isa = PBXBuildFile; fileRef = 53BFB02914BB096F00CFDF35 /* liboscpack.a */; };
		53BFB04114BB096F00CFDF35 /* osc.a in Frameworks */ = {isa = PBXBuildFile; fileRef = 53BFB02B14BB096F00CFDF35 /* osc.a */; };
		53BFB04214BB096F00CFDF35 /* oscpack.lib in Frameworks */ = {isa = PBXBuildFile; fileRef = 53BFB02D14BB096F00CFDF35 /* oscpack.lib */; };
		53BFB04314BB096F00CFDF35 /* oscpackd.lib in Frameworks */ = {isa = PBXBuildFile; fileRef = 53BFB02E14BB096F00CFDF35 /* oscpackd.lib */; };
		53BFB04414BB096F00CFDF35 /* oscpack.a in Frameworks */ = {isa = PBXBuildFile; fileRef = 53BFB03014BB096F00CFDF35 /* oscpack.a */; };
		53BFB04514BB096F00CFDF35 /* ofxOscBundle.cpp in Sources */ = {isa = PBXBuildFile; fileRef = 53BFB03414BB096F00CFDF35 /* ofxOscBundle.cpp */; };
		53BFB04614BB096F00CFDF35 /* ofxOscMessage.cpp in Sources */ = {isa = PBXBuildFile; fileRef = 53BFB03614BB096F00CFDF35 /* ofxOscMessage.cpp */; };
		53BFB04714BB096F00CFDF35 /* ofxOscReceiver.cpp in Sources */ = {isa = PBXBuildFile; fileRef = 53BFB03814BB096F00CFDF35 /* ofxOscReceiver.cpp */; };
		53BFB04814BB096F00CFDF35 /* ofxOscSender.cpp in Sources */ = {isa = PBXBuildFile; fileRef = 53BFB03A14BB096F00CFDF35 /* ofxOscSender.cpp */; };
		BBAB23CB13894F3D00AA2426 /* GLUT.framework in CopyFiles */ = {isa = PBXBuildFile; fileRef = BBAB23BE13894E4700AA2426 /* GLUT.framework */; };
		E4328149138ABC9F0047C5CB /* openFrameworksDebug.a in Frameworks */ = {isa = PBXBuildFile; fileRef = E4328148138ABC890047C5CB /* openFrameworksDebug.a */; };
		E45BE97B0E8CC7DD009D7055 /* AGL.framework in Frameworks */ = {isa = PBXBuildFile; fileRef = E45BE9710E8CC7DD009D7055 /* AGL.framework */; };
		E45BE97C0E8CC7DD009D7055 /* ApplicationServices.framework in Frameworks */ = {isa = PBXBuildFile; fileRef = E45BE9720E8CC7DD009D7055 /* ApplicationServices.framework */; };
		E45BE97D0E8CC7DD009D7055 /* AudioToolbox.framework in Frameworks */ = {isa = PBXBuildFile; fileRef = E45BE9730E8CC7DD009D7055 /* AudioToolbox.framework */; };
		E45BE97E0E8CC7DD009D7055 /* Carbon.framework in Frameworks */ = {isa = PBXBuildFile; fileRef = E45BE9740E8CC7DD009D7055 /* Carbon.framework */; };
		E45BE97F0E8CC7DD009D7055 /* CoreAudio.framework in Frameworks */ = {isa = PBXBuildFile; fileRef = E45BE9750E8CC7DD009D7055 /* CoreAudio.framework */; };
		E45BE9800E8CC7DD009D7055 /* CoreFoundation.framework in Frameworks */ = {isa = PBXBuildFile; fileRef = E45BE9760E8CC7DD009D7055 /* CoreFoundation.framework */; };
		E45BE9810E8CC7DD009D7055 /* CoreServices.framework in Frameworks */ = {isa = PBXBuildFile; fileRef = E45BE9770E8CC7DD009D7055 /* CoreServices.framework */; };
		E45BE9830E8CC7DD009D7055 /* OpenGL.framework in Frameworks */ = {isa = PBXBuildFile; fileRef = E45BE9790E8CC7DD009D7055 /* OpenGL.framework */; };
		E45BE9840E8CC7DD009D7055 /* QuickTime.framework in Frameworks */ = {isa = PBXBuildFile; fileRef = E45BE97A0E8CC7DD009D7055 /* QuickTime.framework */; };
		E4B69E200A3A1BDC003C02F2 /* main.cpp in Sources */ = {isa = PBXBuildFile; fileRef = E4B69E1D0A3A1BDC003C02F2 /* main.cpp */; };
		E4B69E210A3A1BDC003C02F2 /* testApp.cpp in Sources */ = {isa = PBXBuildFile; fileRef = E4B69E1E0A3A1BDC003C02F2 /* testApp.cpp */; };
		E4C2424710CC5A17004149E2 /* AppKit.framework in Frameworks */ = {isa = PBXBuildFile; fileRef = E4C2424410CC5A17004149E2 /* AppKit.framework */; };
		E4C2424810CC5A17004149E2 /* Cocoa.framework in Frameworks */ = {isa = PBXBuildFile; fileRef = E4C2424510CC5A17004149E2 /* Cocoa.framework */; };
		E4C2424910CC5A17004149E2 /* IOKit.framework in Frameworks */ = {isa = PBXBuildFile; fileRef = E4C2424610CC5A17004149E2 /* IOKit.framework */; };
		E4EB6799138ADC1D00A09F29 /* GLUT.framework in Frameworks */ = {isa = PBXBuildFile; fileRef = BBAB23BE13894E4700AA2426 /* GLUT.framework */; };
/* End PBXBuildFile section */

/* Begin PBXContainerItemProxy section */
		E4328147138ABC890047C5CB /* PBXContainerItemProxy */ = {
			isa = PBXContainerItemProxy;
			containerPortal = E4328143138ABC890047C5CB /* openFrameworksLib.xcodeproj */;
			proxyType = 2;
			remoteGlobalIDString = E4B27C1510CBEB8E00536013;
			remoteInfo = openFrameworks;
		};
		E4EEB9AB138B136A00A80321 /* PBXContainerItemProxy */ = {
			isa = PBXContainerItemProxy;
			containerPortal = E4328143138ABC890047C5CB /* openFrameworksLib.xcodeproj */;
			proxyType = 1;
			remoteGlobalIDString = E4B27C1410CBEB8E00536013;
			remoteInfo = openFrameworks;
		};
/* End PBXContainerItemProxy section */

/* Begin PBXCopyFilesBuildPhase section */
		E4C2427710CC5ABF004149E2 /* CopyFiles */ = {
			isa = PBXCopyFilesBuildPhase;
			buildActionMask = 2147483647;
			dstPath = "";
			dstSubfolderSpec = 10;
			files = (
				BBAB23CB13894F3D00AA2426 /* GLUT.framework in CopyFiles */,
			);
			runOnlyForDeploymentPostprocessing = 0;
		};
/* End PBXCopyFilesBuildPhase section */

/* Begin PBXFileReference section */
		5332EAB614A22C36002C43D7 /* InteractiveMesh.cpp */ = {isa = PBXFileReference; fileEncoding = 4; lastKnownFileType = sourcecode.cpp.cpp; path = InteractiveMesh.cpp; sourceTree = "<group>"; };
		5332EAB714A22C36002C43D7 /* InteractiveMesh.h */ = {isa = PBXFileReference; fileEncoding = 4; lastKnownFileType = sourcecode.c.h; path = InteractiveMesh.h; sourceTree = "<group>"; };
		5332EABE14A22C36002C43D7 /* myTrackHand.cpp */ = {isa = PBXFileReference; fileEncoding = 4; lastKnownFileType = sourcecode.cpp.cpp; path = myTrackHand.cpp; sourceTree = "<group>"; };
		5332EABF14A22C36002C43D7 /* myTrackHand.h */ = {isa = PBXFileReference; fileEncoding = 4; lastKnownFileType = sourcecode.c.h; path = myTrackHand.h; sourceTree = "<group>"; };
		5332EB0F14A22DE8002C43D7 /* Instructions.txt */ = {isa = PBXFileReference; fileEncoding = 4; lastKnownFileType = text; path = Instructions.txt; sourceTree = "<group>"; };
		5332EB1014A22DE8002C43D7 /* install.xml */ = {isa = PBXFileReference; fileEncoding = 4; lastKnownFileType = text.xml; path = install.xml; sourceTree = "<group>"; };
		5332EB1214A22DE8002C43D7 /* ofxDirList.h */ = {isa = PBXFileReference; fileEncoding = 4; lastKnownFileType = sourcecode.c.h; path = ofxDirList.h; sourceTree = "<group>"; };
		5332EB1414A22DE8002C43D7 /* install.xml */ = {isa = PBXFileReference; fileEncoding = 4; lastKnownFileType = text.xml; path = install.xml; sourceTree = "<group>"; };
		5332EB1614A22DE8002C43D7 /* tinyxml.cpp */ = {isa = PBXFileReference; fileEncoding = 4; lastKnownFileType = sourcecode.cpp.cpp; path = tinyxml.cpp; sourceTree = "<group>"; };
		5332EB1714A22DE8002C43D7 /* tinyxml.h */ = {isa = PBXFileReference; fileEncoding = 4; lastKnownFileType = sourcecode.c.h; path = tinyxml.h; sourceTree = "<group>"; };
		5332EB1814A22DE8002C43D7 /* tinyxmlerror.cpp */ = {isa = PBXFileReference; fileEncoding = 4; lastKnownFileType = sourcecode.cpp.cpp; path = tinyxmlerror.cpp; sourceTree = "<group>"; };
		5332EB1914A22DE8002C43D7 /* tinyxmlparser.cpp */ = {isa = PBXFileReference; fileEncoding = 4; lastKnownFileType = sourcecode.cpp.cpp; path = tinyxmlparser.cpp; sourceTree = "<group>"; };
		5332EB1B14A22DE8002C43D7 /* ofxXmlSettings.cpp */ = {isa = PBXFileReference; fileEncoding = 4; lastKnownFileType = sourcecode.cpp.cpp; path = ofxXmlSettings.cpp; sourceTree = "<group>"; };
		5332EB1C14A22DE8002C43D7 /* ofxXmlSettings.h */ = {isa = PBXFileReference; fileEncoding = 4; lastKnownFileType = sourcecode.c.h; path = ofxXmlSettings.h; sourceTree = "<group>"; };
		5332EB6114A25083002C43D7 /* Particle.h */ = {isa = PBXFileReference; fileEncoding = 4; lastKnownFileType = sourcecode.c.h; path = Particle.h; sourceTree = "<group>"; };
		5332EB6214A25083002C43D7 /* Spring.h */ = {isa = PBXFileReference; fileEncoding = 4; lastKnownFileType = sourcecode.c.h; path = Spring.h; sourceTree = "<group>"; };
		5332EB6314A25083002C43D7 /* SpringMesh.cpp */ = {isa = PBXFileReference; fileEncoding = 4; lastKnownFileType = sourcecode.cpp.cpp; path = SpringMesh.cpp; sourceTree = "<group>"; };
		5332EB6414A25083002C43D7 /* SpringMesh.h */ = {isa = PBXFileReference; fileEncoding = 4; lastKnownFileType = sourcecode.c.h; path = SpringMesh.h; sourceTree = "<group>"; };
		5332EE3814B361F1002C43D7 /* .gitignore */ = {isa = PBXFileReference; fileEncoding = 4; lastKnownFileType = text; path = .gitignore; sourceTree = "<group>"; };
		5332EE3914B361F1002C43D7 /* changelog.txt */ = {isa = PBXFileReference; fileEncoding = 4; lastKnownFileType = text; path = changelog.txt; sourceTree = "<group>"; };
		5332EE3A14B361F1002C43D7 /* install.xml */ = {isa = PBXFileReference; fileEncoding = 4; lastKnownFileType = text.xml; path = install.xml; sourceTree = "<group>"; };
		5332EE3B14B361F1002C43D7 /* LICENSE.txt */ = {isa = PBXFileReference; fileEncoding = 4; lastKnownFileType = text; path = LICENSE.txt; sourceTree = "<group>"; };
		5332EE3C14B361F1002C43D7 /* README */ = {isa = PBXFileReference; fileEncoding = 4; lastKnownFileType = text; path = README; sourceTree = "<group>"; };
		5332EE3E14B361F1002C43D7 /* ofxMSAInteractiveObject.cpp */ = {isa = PBXFileReference; fileEncoding = 4; lastKnownFileType = sourcecode.cpp.cpp; path = ofxMSAInteractiveObject.cpp; sourceTree = "<group>"; };
		5332EE3F14B361F1002C43D7 /* ofxMSAInteractiveObject.h */ = {isa = PBXFileReference; fileEncoding = 4; lastKnownFileType = sourcecode.c.h; path = ofxMSAInteractiveObject.h; sourceTree = "<group>"; };
		5332EE4014B361F1002C43D7 /* ofxMSAInteractiveObjectDelegate.h */ = {isa = PBXFileReference; fileEncoding = 4; lastKnownFileType = sourcecode.c.h; path = ofxMSAInteractiveObjectDelegate.h; sourceTree = "<group>"; };
		5332EE4214B361F1002C43D7 /* .gitignore */ = {isa = PBXFileReference; fileEncoding = 4; lastKnownFileType = text; path = .gitignore; sourceTree = "<group>"; };
		5332EE4314B361F1002C43D7 /* changelog.txt */ = {isa = PBXFileReference; fileEncoding = 4; lastKnownFileType = text; path = changelog.txt; sourceTree = "<group>"; };
		5332EE4414B361F1002C43D7 /* install.xml */ = {isa = PBXFileReference; fileEncoding = 4; lastKnownFileType = text.xml; path = install.xml; sourceTree = "<group>"; };
		5332EE4514B361F1002C43D7 /* LICENSE.txt */ = {isa = PBXFileReference; fileEncoding = 4; lastKnownFileType = text; path = LICENSE.txt; sourceTree = "<group>"; };
		5332EE4614B361F1002C43D7 /* README */ = {isa = PBXFileReference; fileEncoding = 4; lastKnownFileType = text; path = README; sourceTree = "<group>"; };
		5332EE4914B361F1002C43D7 /* ofxSimpleGuiButton.cpp */ = {isa = PBXFileReference; fileEncoding = 4; lastKnownFileType = sourcecode.cpp.cpp; path = ofxSimpleGuiButton.cpp; sourceTree = "<group>"; };
		5332EE4A14B361F1002C43D7 /* ofxSimpleGuiButton.h */ = {isa = PBXFileReference; fileEncoding = 4; lastKnownFileType = sourcecode.c.h; path = ofxSimpleGuiButton.h; sourceTree = "<group>"; };
		5332EE4B14B361F1002C43D7 /* ofxSimpleGuiColorPicker.cpp */ = {isa = PBXFileReference; fileEncoding = 4; lastKnownFileType = sourcecode.cpp.cpp; path = ofxSimpleGuiColorPicker.cpp; sourceTree = "<group>"; };
		5332EE4C14B361F1002C43D7 /* ofxSimpleGuiColorPicker.h */ = {isa = PBXFileReference; fileEncoding = 4; lastKnownFileType = sourcecode.c.h; path = ofxSimpleGuiColorPicker.h; sourceTree = "<group>"; };
		5332EE4D14B361F1002C43D7 /* ofxSimpleGuiComboBox.cpp */ = {isa = PBXFileReference; fileEncoding = 4; lastKnownFileType = sourcecode.cpp.cpp; path = ofxSimpleGuiComboBox.cpp; sourceTree = "<group>"; };
		5332EE4E14B361F1002C43D7 /* ofxSimpleGuiComboBox.h */ = {isa = PBXFileReference; fileEncoding = 4; lastKnownFileType = sourcecode.c.h; path = ofxSimpleGuiComboBox.h; sourceTree = "<group>"; };
		5332EE4F14B361F1002C43D7 /* ofxSimpleGuiContent.cpp */ = {isa = PBXFileReference; fileEncoding = 4; lastKnownFileType = sourcecode.cpp.cpp; path = ofxSimpleGuiContent.cpp; sourceTree = "<group>"; };
		5332EE5014B361F1002C43D7 /* ofxSimpleGuiContent.h */ = {isa = PBXFileReference; fileEncoding = 4; lastKnownFileType = sourcecode.c.h; path = ofxSimpleGuiContent.h; sourceTree = "<group>"; };
		5332EE5114B361F1002C43D7 /* ofxSimpleGuiFPSCounter.cpp */ = {isa = PBXFileReference; fileEncoding = 4; lastKnownFileType = sourcecode.cpp.cpp; path = ofxSimpleGuiFPSCounter.cpp; sourceTree = "<group>"; };
		5332EE5214B361F1002C43D7 /* ofxSimpleGuiFPSCounter.h */ = {isa = PBXFileReference; fileEncoding = 4; lastKnownFileType = sourcecode.c.h; path = ofxSimpleGuiFPSCounter.h; sourceTree = "<group>"; };
		5332EE5314B361F1002C43D7 /* ofxSimpleGuiMovieSlider.cpp */ = {isa = PBXFileReference; fileEncoding = 4; lastKnownFileType = sourcecode.cpp.cpp; path = ofxSimpleGuiMovieSlider.cpp; sourceTree = "<group>"; };
		5332EE5414B361F1002C43D7 /* ofxSimpleGuiMovieSlider.h */ = {isa = PBXFileReference; fileEncoding = 4; lastKnownFileType = sourcecode.c.h; path = ofxSimpleGuiMovieSlider.h; sourceTree = "<group>"; };
		5332EE5514B361F1002C43D7 /* ofxSimpleGuiQuadWarp.cpp */ = {isa = PBXFileReference; fileEncoding = 4; lastKnownFileType = sourcecode.cpp.cpp; path = ofxSimpleGuiQuadWarp.cpp; sourceTree = "<group>"; };
		5332EE5614B361F1002C43D7 /* ofxSimpleGuiQuadWarp.h */ = {isa = PBXFileReference; fileEncoding = 4; lastKnownFileType = sourcecode.c.h; path = ofxSimpleGuiQuadWarp.h; sourceTree = "<group>"; };
		5332EE5714B361F1002C43D7 /* ofxSimpleGuiSlider2d.cpp */ = {isa = PBXFileReference; fileEncoding = 4; lastKnownFileType = sourcecode.cpp.cpp; path = ofxSimpleGuiSlider2d.cpp; sourceTree = "<group>"; };
		5332EE5814B361F1002C43D7 /* ofxSimpleGuiSlider2d.h */ = {isa = PBXFileReference; fileEncoding = 4; lastKnownFileType = sourcecode.c.h; path = ofxSimpleGuiSlider2d.h; sourceTree = "<group>"; };
		5332EE5914B361F1002C43D7 /* ofxSimpleGuiSliderBase.h */ = {isa = PBXFileReference; fileEncoding = 4; lastKnownFileType = sourcecode.c.h; path = ofxSimpleGuiSliderBase.h; sourceTree = "<group>"; };
		5332EE5A14B361F1002C43D7 /* ofxSimpleGuiSliderFloat.h */ = {isa = PBXFileReference; fileEncoding = 4; lastKnownFileType = sourcecode.c.h; path = ofxSimpleGuiSliderFloat.h; sourceTree = "<group>"; };
		5332EE5B14B361F1002C43D7 /* ofxSimpleGuiSliderInt.h */ = {isa = PBXFileReference; fileEncoding = 4; lastKnownFileType = sourcecode.c.h; path = ofxSimpleGuiSliderInt.h; sourceTree = "<group>"; };
		5332EE5C14B361F1002C43D7 /* ofxSimpleGuiTitle.cpp */ = {isa = PBXFileReference; fileEncoding = 4; lastKnownFileType = sourcecode.cpp.cpp; path = ofxSimpleGuiTitle.cpp; sourceTree = "<group>"; };
		5332EE5D14B361F1002C43D7 /* ofxSimpleGuiTitle.h */ = {isa = PBXFileReference; fileEncoding = 4; lastKnownFileType = sourcecode.c.h; path = ofxSimpleGuiTitle.h; sourceTree = "<group>"; };
		5332EE5E14B361F1002C43D7 /* ofxSimpleGuiToggle.cpp */ = {isa = PBXFileReference; fileEncoding = 4; lastKnownFileType = sourcecode.cpp.cpp; path = ofxSimpleGuiToggle.cpp; sourceTree = "<group>"; };
		5332EE5F14B361F1002C43D7 /* ofxSimpleGuiToggle.h */ = {isa = PBXFileReference; fileEncoding = 4; lastKnownFileType = sourcecode.c.h; path = ofxSimpleGuiToggle.h; sourceTree = "<group>"; };
		5332EE6014B361F1002C43D7 /* ofxSimpleGuiConfig.cpp */ = {isa = PBXFileReference; fileEncoding = 4; lastKnownFileType = sourcecode.cpp.cpp; path = ofxSimpleGuiConfig.cpp; sourceTree = "<group>"; };
		5332EE6114B361F1002C43D7 /* ofxSimpleGuiConfig.h */ = {isa = PBXFileReference; fileEncoding = 4; lastKnownFileType = sourcecode.c.h; path = ofxSimpleGuiConfig.h; sourceTree = "<group>"; };
		5332EE6214B361F1002C43D7 /* ofxSimpleGuiControl.cpp */ = {isa = PBXFileReference; fileEncoding = 4; lastKnownFileType = sourcecode.cpp.cpp; path = ofxSimpleGuiControl.cpp; sourceTree = "<group>"; };
		5332EE6314B361F1002C43D7 /* ofxSimpleGuiControl.h */ = {isa = PBXFileReference; fileEncoding = 4; lastKnownFileType = sourcecode.c.h; path = ofxSimpleGuiControl.h; sourceTree = "<group>"; };
		5332EE6414B361F1002C43D7 /* ofxSimpleGuiIncludes.h */ = {isa = PBXFileReference; fileEncoding = 4; lastKnownFileType = sourcecode.c.h; path = ofxSimpleGuiIncludes.h; sourceTree = "<group>"; };
		5332EE6514B361F1002C43D7 /* ofxSimpleGuiPage.cpp */ = {isa = PBXFileReference; fileEncoding = 4; lastKnownFileType = sourcecode.cpp.cpp; path = ofxSimpleGuiPage.cpp; sourceTree = "<group>"; };
		5332EE6614B361F1002C43D7 /* ofxSimpleGuiPage.h */ = {isa = PBXFileReference; fileEncoding = 4; lastKnownFileType = sourcecode.c.h; path = ofxSimpleGuiPage.h; sourceTree = "<group>"; };
		5332EE6714B361F1002C43D7 /* ofxSimpleGuiToo.cpp */ = {isa = PBXFileReference; fileEncoding = 4; lastKnownFileType = sourcecode.cpp.cpp; path = ofxSimpleGuiToo.cpp; sourceTree = "<group>"; };
		5332EE6814B361F1002C43D7 /* ofxSimpleGuiToo.h */ = {isa = PBXFileReference; fileEncoding = 4; lastKnownFileType = sourcecode.c.h; path = ofxSimpleGuiToo.h; sourceTree = "<group>"; };
		5332EE6914B361F1002C43D7 /* ofxSimpleGuiValueControl.cpp */ = {isa = PBXFileReference; fileEncoding = 4; lastKnownFileType = sourcecode.cpp.cpp; path = ofxSimpleGuiValueControl.cpp; sourceTree = "<group>"; };
		5332EE6A14B361F1002C43D7 /* ofxSimpleGuiValueControl.h */ = {isa = PBXFileReference; fileEncoding = 4; lastKnownFileType = sourcecode.c.h; path = ofxSimpleGuiValueControl.h; sourceTree = "<group>"; };
		53BEC828148933A900432D3C /* ofxMatrix3x3.h */ = {isa = PBXFileReference; fileEncoding = 4; lastKnownFileType = sourcecode.c.h; path = ofxMatrix3x3.h; sourceTree = "<group>"; };
		53BEC829148933A900432D3C /* ofxMatrix4x4.h */ = {isa = PBXFileReference; fileEncoding = 4; lastKnownFileType = sourcecode.c.h; path = ofxMatrix4x4.h; sourceTree = "<group>"; };
		53BEC82A148933A900432D3C /* ofxPoint2f.h */ = {isa = PBXFileReference; fileEncoding = 4; lastKnownFileType = sourcecode.c.h; path = ofxPoint2f.h; sourceTree = "<group>"; };
		53BEC82B148933A900432D3C /* ofxPoint3f.h */ = {isa = PBXFileReference; fileEncoding = 4; lastKnownFileType = sourcecode.c.h; path = ofxPoint3f.h; sourceTree = "<group>"; };
		53BEC82C148933A900432D3C /* ofxPoint4f.h */ = {isa = PBXFileReference; fileEncoding = 4; lastKnownFileType = sourcecode.c.h; path = ofxPoint4f.h; sourceTree = "<group>"; };
		53BEC82D148933A900432D3C /* ofxQuaternion.h */ = {isa = PBXFileReference; fileEncoding = 4; lastKnownFileType = sourcecode.c.h; path = ofxQuaternion.h; sourceTree = "<group>"; };
		53BEC82E148933A900432D3C /* ofxVec2f.h */ = {isa = PBXFileReference; fileEncoding = 4; lastKnownFileType = sourcecode.c.h; path = ofxVec2f.h; sourceTree = "<group>"; };
		53BEC82F148933A900432D3C /* ofxVec3f.h */ = {isa = PBXFileReference; fileEncoding = 4; lastKnownFileType = sourcecode.c.h; path = ofxVec3f.h; sourceTree = "<group>"; };
		53BEC830148933A900432D3C /* ofxVec4f.h */ = {isa = PBXFileReference; fileEncoding = 4; lastKnownFileType = sourcecode.c.h; path = ofxVec4f.h; sourceTree = "<group>"; };
		53BEC831148933A900432D3C /* ofxVectorMath.h */ = {isa = PBXFileReference; fileEncoding = 4; lastKnownFileType = sourcecode.c.h; path = ofxVectorMath.h; sourceTree = "<group>"; };
		53BFB00C14BB096F00CFDF35 /* install.xml */ = {isa = PBXFileReference; fileEncoding = 4; lastKnownFileType = text.xml; path = install.xml; sourceTree = "<group>"; };
		53BFB01114BB096F00CFDF35 /* IpEndpointName.h */ = {isa = PBXFileReference; fileEncoding = 4; lastKnownFileType = sourcecode.c.h; path = IpEndpointName.h; sourceTree = "<group>"; };
		53BFB01214BB096F00CFDF35 /* NetworkingUtils.h */ = {isa = PBXFileReference; fileEncoding = 4; lastKnownFileType = sourcecode.c.h; path = NetworkingUtils.h; sourceTree = "<group>"; };
		53BFB01314BB096F00CFDF35 /* PacketListener.h */ = {isa = PBXFileReference; fileEncoding = 4; lastKnownFileType = sourcecode.c.h; path = PacketListener.h; sourceTree = "<group>"; };
		53BFB01414BB096F00CFDF35 /* TimerListener.h */ = {isa = PBXFileReference; fileEncoding = 4; lastKnownFileType = sourcecode.c.h; path = TimerListener.h; sourceTree = "<group>"; };
		53BFB01514BB096F00CFDF35 /* UdpSocket.h */ = {isa = PBXFileReference; fileEncoding = 4; lastKnownFileType = sourcecode.c.h; path = UdpSocket.h; sourceTree = "<group>"; };
		53BFB01714BB096F00CFDF35 /* MessageMappingOscPacketListener.h */ = {isa = PBXFileReference; fileEncoding = 4; lastKnownFileType = sourcecode.c.h; path = MessageMappingOscPacketListener.h; sourceTree = "<group>"; };
		53BFB01814BB096F00CFDF35 /* OscException.h */ = {isa = PBXFileReference; fileEncoding = 4; lastKnownFileType = sourcecode.c.h; path = OscException.h; sourceTree = "<group>"; };
		53BFB01914BB096F00CFDF35 /* OscHostEndianness.h */ = {isa = PBXFileReference; fileEncoding = 4; lastKnownFileType = sourcecode.c.h; path = OscHostEndianness.h; sourceTree = "<group>"; };
		53BFB01A14BB096F00CFDF35 /* OscOutboundPacketStream.h */ = {isa = PBXFileReference; fileEncoding = 4; lastKnownFileType = sourcecode.c.h; path = OscOutboundPacketStream.h; sourceTree = "<group>"; };
		53BFB01B14BB096F00CFDF35 /* OscPacketListener.h */ = {isa = PBXFileReference; fileEncoding = 4; lastKnownFileType = sourcecode.c.h; path = OscPacketListener.h; sourceTree = "<group>"; };
		53BFB01C14BB096F00CFDF35 /* OscPrintReceivedElements.h */ = {isa = PBXFileReference; fileEncoding = 4; lastKnownFileType = sourcecode.c.h; path = OscPrintReceivedElements.h; sourceTree = "<group>"; };
		53BFB01D14BB096F00CFDF35 /* OscReceivedElements.h */ = {isa = PBXFileReference; fileEncoding = 4; lastKnownFileType = sourcecode.c.h; path = OscReceivedElements.h; sourceTree = "<group>"; };
		53BFB01E14BB096F00CFDF35 /* OscTypes.h */ = {isa = PBXFileReference; fileEncoding = 4; lastKnownFileType = sourcecode.c.h; path = OscTypes.h; sourceTree = "<group>"; };
		53BFB02214BB096F00CFDF35 /* liboscpack.a */ = {isa = PBXFileReference; lastKnownFileType = archive.ar; path = liboscpack.a; sourceTree = "<group>"; };
		53BFB02314BB096F00CFDF35 /* liboscpack.a */ = {isa = PBXFileReference; lastKnownFileType = archive.ar; path = liboscpack.a; sourceTree = "<group>"; };
		53BFB02514BB096F00CFDF35 /* osc.a */ = {isa = PBXFileReference; lastKnownFileType = archive.ar; path = osc.a; sourceTree = "<group>"; };
		53BFB02714BB096F00CFDF35 /* liboscpack.a */ = {isa = PBXFileReference; lastKnownFileType = archive.ar; path = liboscpack.a; sourceTree = "<group>"; };
		53BFB02914BB096F00CFDF35 /* liboscpack.a */ = {isa = PBXFileReference; lastKnownFileType = archive.ar; path = liboscpack.a; sourceTree = "<group>"; };
		53BFB02B14BB096F00CFDF35 /* osc.a */ = {isa = PBXFileReference; lastKnownFileType = archive.ar; path = osc.a; sourceTree = "<group>"; };
		53BFB02D14BB096F00CFDF35 /* oscpack.lib */ = {isa = PBXFileReference; lastKnownFileType = archive.ar; path = oscpack.lib; sourceTree = "<group>"; };
		53BFB02E14BB096F00CFDF35 /* oscpackd.lib */ = {isa = PBXFileReference; lastKnownFileType = archive.ar; path = oscpackd.lib; sourceTree = "<group>"; };
		53BFB03014BB096F00CFDF35 /* oscpack.a */ = {isa = PBXFileReference; lastKnownFileType = archive.ar; path = oscpack.a; sourceTree = "<group>"; };
		53BFB03214BB096F00CFDF35 /* ofxOsc.h */ = {isa = PBXFileReference; fileEncoding = 4; lastKnownFileType = sourcecode.c.h; path = ofxOsc.h; sourceTree = "<group>"; };
		53BFB03314BB096F00CFDF35 /* ofxOscArg.h */ = {isa = PBXFileReference; fileEncoding = 4; lastKnownFileType = sourcecode.c.h; path = ofxOscArg.h; sourceTree = "<group>"; };
		53BFB03414BB096F00CFDF35 /* ofxOscBundle.cpp */ = {isa = PBXFileReference; fileEncoding = 4; lastKnownFileType = sourcecode.cpp.cpp; path = ofxOscBundle.cpp; sourceTree = "<group>"; };
		53BFB03514BB096F00CFDF35 /* ofxOscBundle.h */ = {isa = PBXFileReference; fileEncoding = 4; lastKnownFileType = sourcecode.c.h; path = ofxOscBundle.h; sourceTree = "<group>"; };
		53BFB03614BB096F00CFDF35 /* ofxOscMessage.cpp */ = {isa = PBXFileReference; fileEncoding = 4; lastKnownFileType = sourcecode.cpp.cpp; path = ofxOscMessage.cpp; sourceTree = "<group>"; };
		53BFB03714BB096F00CFDF35 /* ofxOscMessage.h */ = {isa = PBXFileReference; fileEncoding = 4; lastKnownFileType = sourcecode.c.h; path = ofxOscMessage.h; sourceTree = "<group>"; };
		53BFB03814BB096F00CFDF35 /* ofxOscReceiver.cpp */ = {isa = PBXFileReference; fileEncoding = 4; lastKnownFileType = sourcecode.cpp.cpp; path = ofxOscReceiver.cpp; sourceTree = "<group>"; };
		53BFB03914BB096F00CFDF35 /* ofxOscReceiver.h */ = {isa = PBXFileReference; fileEncoding = 4; lastKnownFileType = sourcecode.c.h; path = ofxOscReceiver.h; sourceTree = "<group>"; };
		53BFB03A14BB096F00CFDF35 /* ofxOscSender.cpp */ = {isa = PBXFileReference; fileEncoding = 4; lastKnownFileType = sourcecode.cpp.cpp; path = ofxOscSender.cpp; sourceTree = "<group>"; };
		53BFB03B14BB096F00CFDF35 /* ofxOscSender.h */ = {isa = PBXFileReference; fileEncoding = 4; lastKnownFileType = sourcecode.c.h; path = ofxOscSender.h; sourceTree = "<group>"; };
		BBAB23BE13894E4700AA2426 /* GLUT.framework */ = {isa = PBXFileReference; lastKnownFileType = wrapper.framework; name = GLUT.framework; path = ../../../libs/glut/lib/osx/GLUT.framework; sourceTree = "<group>"; };
		E4328143138ABC890047C5CB /* openFrameworksLib.xcodeproj */ = {isa = PBXFileReference; lastKnownFileType = "wrapper.pb-project"; name = openFrameworksLib.xcodeproj; path = ../../../libs/openFrameworksCompiled/project/osx/openFrameworksLib.xcodeproj; sourceTree = SOURCE_ROOT; };
		E45BE9710E8CC7DD009D7055 /* AGL.framework */ = {isa = PBXFileReference; lastKnownFileType = wrapper.framework; name = AGL.framework; path = /System/Library/Frameworks/AGL.framework; sourceTree = "<absolute>"; };
		E45BE9720E8CC7DD009D7055 /* ApplicationServices.framework */ = {isa = PBXFileReference; lastKnownFileType = wrapper.framework; name = ApplicationServices.framework; path = /System/Library/Frameworks/ApplicationServices.framework; sourceTree = "<absolute>"; };
		E45BE9730E8CC7DD009D7055 /* AudioToolbox.framework */ = {isa = PBXFileReference; lastKnownFileType = wrapper.framework; name = AudioToolbox.framework; path = /System/Library/Frameworks/AudioToolbox.framework; sourceTree = "<absolute>"; };
		E45BE9740E8CC7DD009D7055 /* Carbon.framework */ = {isa = PBXFileReference; lastKnownFileType = wrapper.framework; name = Carbon.framework; path = /System/Library/Frameworks/Carbon.framework; sourceTree = "<absolute>"; };
		E45BE9750E8CC7DD009D7055 /* CoreAudio.framework */ = {isa = PBXFileReference; lastKnownFileType = wrapper.framework; name = CoreAudio.framework; path = /System/Library/Frameworks/CoreAudio.framework; sourceTree = "<absolute>"; };
		E45BE9760E8CC7DD009D7055 /* CoreFoundation.framework */ = {isa = PBXFileReference; lastKnownFileType = wrapper.framework; name = CoreFoundation.framework; path = /System/Library/Frameworks/CoreFoundation.framework; sourceTree = "<absolute>"; };
		E45BE9770E8CC7DD009D7055 /* CoreServices.framework */ = {isa = PBXFileReference; lastKnownFileType = wrapper.framework; name = CoreServices.framework; path = /System/Library/Frameworks/CoreServices.framework; sourceTree = "<absolute>"; };
		E45BE9790E8CC7DD009D7055 /* OpenGL.framework */ = {isa = PBXFileReference; lastKnownFileType = wrapper.framework; name = OpenGL.framework; path = /System/Library/Frameworks/OpenGL.framework; sourceTree = "<absolute>"; };
		E45BE97A0E8CC7DD009D7055 /* QuickTime.framework */ = {isa = PBXFileReference; lastKnownFileType = wrapper.framework; name = QuickTime.framework; path = /System/Library/Frameworks/QuickTime.framework; sourceTree = "<absolute>"; };
		E4B69B5B0A3A1756003C02F2 /* emptyExampleDebug.app */ = {isa = PBXFileReference; explicitFileType = wrapper.application; includeInIndex = 0; path = emptyExampleDebug.app; sourceTree = BUILT_PRODUCTS_DIR; };
		E4B69E1D0A3A1BDC003C02F2 /* main.cpp */ = {isa = PBXFileReference; fileEncoding = 30; lastKnownFileType = sourcecode.cpp.cpp; name = main.cpp; path = src/main.cpp; sourceTree = SOURCE_ROOT; };
		E4B69E1E0A3A1BDC003C02F2 /* testApp.cpp */ = {isa = PBXFileReference; explicitFileType = sourcecode.cpp.cpp; fileEncoding = 30; name = testApp.cpp; path = src/testApp.cpp; sourceTree = SOURCE_ROOT; };
		E4B69E1F0A3A1BDC003C02F2 /* testApp.h */ = {isa = PBXFileReference; fileEncoding = 30; lastKnownFileType = sourcecode.c.h; name = testApp.h; path = src/testApp.h; sourceTree = SOURCE_ROOT; };
		E4B6FCAD0C3E899E008CF71C /* openFrameworks-Info.plist */ = {isa = PBXFileReference; fileEncoding = 30; lastKnownFileType = text.plist.xml; path = "openFrameworks-Info.plist"; sourceTree = "<group>"; };
		E4C2424410CC5A17004149E2 /* AppKit.framework */ = {isa = PBXFileReference; lastKnownFileType = wrapper.framework; name = AppKit.framework; path = /System/Library/Frameworks/AppKit.framework; sourceTree = "<absolute>"; };
		E4C2424510CC5A17004149E2 /* Cocoa.framework */ = {isa = PBXFileReference; lastKnownFileType = wrapper.framework; name = Cocoa.framework; path = /System/Library/Frameworks/Cocoa.framework; sourceTree = "<absolute>"; };
		E4C2424610CC5A17004149E2 /* IOKit.framework */ = {isa = PBXFileReference; lastKnownFileType = wrapper.framework; name = IOKit.framework; path = /System/Library/Frameworks/IOKit.framework; sourceTree = "<absolute>"; };
		E4EB691F138AFCF100A09F29 /* CoreOF.xcconfig */ = {isa = PBXFileReference; fileEncoding = 4; lastKnownFileType = text.xcconfig; name = CoreOF.xcconfig; path = ../../../libs/openFrameworksCompiled/project/osx/CoreOF.xcconfig; sourceTree = SOURCE_ROOT; };
		E4EB6923138AFD0F00A09F29 /* Project.xcconfig */ = {isa = PBXFileReference; fileEncoding = 4; lastKnownFileType = text.xcconfig; path = Project.xcconfig; sourceTree = "<group>"; };
/* End PBXFileReference section */

/* Begin PBXFrameworksBuildPhase section */
		E4B69B590A3A1756003C02F2 /* Frameworks */ = {
			isa = PBXFrameworksBuildPhase;
			buildActionMask = 2147483647;
			files = (
				E4EB6799138ADC1D00A09F29 /* GLUT.framework in Frameworks */,
				E4328149138ABC9F0047C5CB /* openFrameworksDebug.a in Frameworks */,
				E45BE97B0E8CC7DD009D7055 /* AGL.framework in Frameworks */,
				E45BE97C0E8CC7DD009D7055 /* ApplicationServices.framework in Frameworks */,
				E45BE97D0E8CC7DD009D7055 /* AudioToolbox.framework in Frameworks */,
				E45BE97E0E8CC7DD009D7055 /* Carbon.framework in Frameworks */,
				E45BE97F0E8CC7DD009D7055 /* CoreAudio.framework in Frameworks */,
				E45BE9800E8CC7DD009D7055 /* CoreFoundation.framework in Frameworks */,
				E45BE9810E8CC7DD009D7055 /* CoreServices.framework in Frameworks */,
				E45BE9830E8CC7DD009D7055 /* OpenGL.framework in Frameworks */,
				E45BE9840E8CC7DD009D7055 /* QuickTime.framework in Frameworks */,
				E4C2424710CC5A17004149E2 /* AppKit.framework in Frameworks */,
				E4C2424810CC5A17004149E2 /* Cocoa.framework in Frameworks */,
				E4C2424910CC5A17004149E2 /* IOKit.framework in Frameworks */,
				53BFB03C14BB096F00CFDF35 /* liboscpack.a in Frameworks */,
				53BFB03D14BB096F00CFDF35 /* liboscpack.a in Frameworks */,
				53BFB03E14BB096F00CFDF35 /* osc.a in Frameworks */,
				53BFB03F14BB096F00CFDF35 /* liboscpack.a in Frameworks */,
				53BFB04014BB096F00CFDF35 /* liboscpack.a in Frameworks */,
				53BFB04114BB096F00CFDF35 /* osc.a in Frameworks */,
				53BFB04214BB096F00CFDF35 /* oscpack.lib in Frameworks */,
				53BFB04314BB096F00CFDF35 /* oscpackd.lib in Frameworks */,
				53BFB04414BB096F00CFDF35 /* oscpack.a in Frameworks */,
			);
			runOnlyForDeploymentPostprocessing = 0;
		};
/* End PBXFrameworksBuildPhase section */

/* Begin PBXGroup section */
		5332EAB514A22C36002C43D7 /* graphics */ = {
			isa = PBXGroup;
			children = (
				5332EAB614A22C36002C43D7 /* InteractiveMesh.cpp */,
				5332EAB714A22C36002C43D7 /* InteractiveMesh.h */,
			);
			path = graphics;
			sourceTree = "<group>";
		};
		5332EABD14A22C36002C43D7 /* tracking */ = {
			isa = PBXGroup;
			children = (
				5332EABE14A22C36002C43D7 /* myTrackHand.cpp */,
				5332EABF14A22C36002C43D7 /* myTrackHand.h */,
			);
			path = tracking;
			sourceTree = "<group>";
		};
		5332EB0D14A22DE7002C43D7 /* ofxDirList */ = {
			isa = PBXGroup;
			children = (
				5332EB0E14A22DE8002C43D7 /* doc */,
				5332EB1014A22DE8002C43D7 /* install.xml */,
				5332EB1114A22DE8002C43D7 /* src */,
			);
			name = ofxDirList;
			path = ../../../addons/ofxDirList;
			sourceTree = SOURCE_ROOT;
		};
		5332EB0E14A22DE8002C43D7 /* doc */ = {
			isa = PBXGroup;
			children = (
				5332EB0F14A22DE8002C43D7 /* Instructions.txt */,
			);
			path = doc;
			sourceTree = "<group>";
		};
		5332EB1114A22DE8002C43D7 /* src */ = {
			isa = PBXGroup;
			children = (
				5332EB1214A22DE8002C43D7 /* ofxDirList.h */,
			);
			path = src;
			sourceTree = "<group>";
		};
		5332EB1314A22DE8002C43D7 /* ofxXmlSettings */ = {
			isa = PBXGroup;
			children = (
				5332EB1414A22DE8002C43D7 /* install.xml */,
				5332EB1514A22DE8002C43D7 /* libs */,
				5332EB1A14A22DE8002C43D7 /* src */,
			);
			name = ofxXmlSettings;
			path = ../../../addons/ofxXmlSettings;
			sourceTree = SOURCE_ROOT;
		};
		5332EB1514A22DE8002C43D7 /* libs */ = {
			isa = PBXGroup;
			children = (
				5332EB1614A22DE8002C43D7 /* tinyxml.cpp */,
				5332EB1714A22DE8002C43D7 /* tinyxml.h */,
				5332EB1814A22DE8002C43D7 /* tinyxmlerror.cpp */,
				5332EB1914A22DE8002C43D7 /* tinyxmlparser.cpp */,
			);
			path = libs;
			sourceTree = "<group>";
		};
		5332EB1A14A22DE8002C43D7 /* src */ = {
			isa = PBXGroup;
			children = (
				5332EB1B14A22DE8002C43D7 /* ofxXmlSettings.cpp */,
				5332EB1C14A22DE8002C43D7 /* ofxXmlSettings.h */,
			);
			path = src;
			sourceTree = "<group>";
		};
		5332EB6014A25083002C43D7 /* springs */ = {
			isa = PBXGroup;
			children = (
				5332EB6114A25083002C43D7 /* Particle.h */,
				5332EB6214A25083002C43D7 /* Spring.h */,
				5332EB6314A25083002C43D7 /* SpringMesh.cpp */,
				5332EB6414A25083002C43D7 /* SpringMesh.h */,
			);
			path = springs;
			sourceTree = "<group>";
		};
		5332EE3714B361F1002C43D7 /* ofxMSAInteractiveObject */ = {
			isa = PBXGroup;
			children = (
				5332EE3814B361F1002C43D7 /* .gitignore */,
				5332EE3914B361F1002C43D7 /* changelog.txt */,
				5332EE3A14B361F1002C43D7 /* install.xml */,
				5332EE3B14B361F1002C43D7 /* LICENSE.txt */,
				5332EE3C14B361F1002C43D7 /* README */,
				5332EE3D14B361F1002C43D7 /* src */,
			);
			name = ofxMSAInteractiveObject;
			path = ../../../addons/ofxMSAInteractiveObject;
			sourceTree = SOURCE_ROOT;
		};
		5332EE3D14B361F1002C43D7 /* src */ = {
			isa = PBXGroup;
			children = (
				5332EE3E14B361F1002C43D7 /* ofxMSAInteractiveObject.cpp */,
				5332EE3F14B361F1002C43D7 /* ofxMSAInteractiveObject.h */,
				5332EE4014B361F1002C43D7 /* ofxMSAInteractiveObjectDelegate.h */,
			);
			path = src;
			sourceTree = "<group>";
		};
		5332EE4114B361F1002C43D7 /* ofxSimpleGuiToo */ = {
			isa = PBXGroup;
			children = (
				5332EE4214B361F1002C43D7 /* .gitignore */,
				5332EE4314B361F1002C43D7 /* changelog.txt */,
				5332EE4414B361F1002C43D7 /* install.xml */,
				5332EE4514B361F1002C43D7 /* LICENSE.txt */,
				5332EE4614B361F1002C43D7 /* README */,
				5332EE4714B361F1002C43D7 /* src */,
			);
			name = ofxSimpleGuiToo;
			path = ../../../addons/ofxSimpleGuiToo;
			sourceTree = SOURCE_ROOT;
		};
		5332EE4714B361F1002C43D7 /* src */ = {
			isa = PBXGroup;
			children = (
				5332EE4814B361F1002C43D7 /* Controls */,
				5332EE6014B361F1002C43D7 /* ofxSimpleGuiConfig.cpp */,
				5332EE6114B361F1002C43D7 /* ofxSimpleGuiConfig.h */,
				5332EE6214B361F1002C43D7 /* ofxSimpleGuiControl.cpp */,
				5332EE6314B361F1002C43D7 /* ofxSimpleGuiControl.h */,
				5332EE6414B361F1002C43D7 /* ofxSimpleGuiIncludes.h */,
				5332EE6514B361F1002C43D7 /* ofxSimpleGuiPage.cpp */,
				5332EE6614B361F1002C43D7 /* ofxSimpleGuiPage.h */,
				5332EE6714B361F1002C43D7 /* ofxSimpleGuiToo.cpp */,
				5332EE6814B361F1002C43D7 /* ofxSimpleGuiToo.h */,
				5332EE6914B361F1002C43D7 /* ofxSimpleGuiValueControl.cpp */,
				5332EE6A14B361F1002C43D7 /* ofxSimpleGuiValueControl.h */,
			);
			path = src;
			sourceTree = "<group>";
		};
		5332EE4814B361F1002C43D7 /* Controls */ = {
			isa = PBXGroup;
			children = (
				5332EE4914B361F1002C43D7 /* ofxSimpleGuiButton.cpp */,
				5332EE4A14B361F1002C43D7 /* ofxSimpleGuiButton.h */,
				5332EE4B14B361F1002C43D7 /* ofxSimpleGuiColorPicker.cpp */,
				5332EE4C14B361F1002C43D7 /* ofxSimpleGuiColorPicker.h */,
				5332EE4D14B361F1002C43D7 /* ofxSimpleGuiComboBox.cpp */,
				5332EE4E14B361F1002C43D7 /* ofxSimpleGuiComboBox.h */,
				5332EE4F14B361F1002C43D7 /* ofxSimpleGuiContent.cpp */,
				5332EE5014B361F1002C43D7 /* ofxSimpleGuiContent.h */,
				5332EE5114B361F1002C43D7 /* ofxSimpleGuiFPSCounter.cpp */,
				5332EE5214B361F1002C43D7 /* ofxSimpleGuiFPSCounter.h */,
				5332EE5314B361F1002C43D7 /* ofxSimpleGuiMovieSlider.cpp */,
				5332EE5414B361F1002C43D7 /* ofxSimpleGuiMovieSlider.h */,
				5332EE5514B361F1002C43D7 /* ofxSimpleGuiQuadWarp.cpp */,
				5332EE5614B361F1002C43D7 /* ofxSimpleGuiQuadWarp.h */,
				5332EE5714B361F1002C43D7 /* ofxSimpleGuiSlider2d.cpp */,
				5332EE5814B361F1002C43D7 /* ofxSimpleGuiSlider2d.h */,
				5332EE5914B361F1002C43D7 /* ofxSimpleGuiSliderBase.h */,
				5332EE5A14B361F1002C43D7 /* ofxSimpleGuiSliderFloat.h */,
				5332EE5B14B361F1002C43D7 /* ofxSimpleGuiSliderInt.h */,
				5332EE5C14B361F1002C43D7 /* ofxSimpleGuiTitle.cpp */,
				5332EE5D14B361F1002C43D7 /* ofxSimpleGuiTitle.h */,
				5332EE5E14B361F1002C43D7 /* ofxSimpleGuiToggle.cpp */,
				5332EE5F14B361F1002C43D7 /* ofxSimpleGuiToggle.h */,
			);
			path = Controls;
			sourceTree = "<group>";
		};
		53BEC826148933A900432D3C /* ofxVectorMath */ = {
			isa = PBXGroup;
			children = (
				53BEC827148933A900432D3C /* src */,
			);
			name = ofxVectorMath;
			path = ../../../addons/ofxVectorMath;
			sourceTree = SOURCE_ROOT;
		};
		53BEC827148933A900432D3C /* src */ = {
			isa = PBXGroup;
			children = (
				53BEC828148933A900432D3C /* ofxMatrix3x3.h */,
				53BEC829148933A900432D3C /* ofxMatrix4x4.h */,
				53BEC82A148933A900432D3C /* ofxPoint2f.h */,
				53BEC82B148933A900432D3C /* ofxPoint3f.h */,
				53BEC82C148933A900432D3C /* ofxPoint4f.h */,
				53BEC82D148933A900432D3C /* ofxQuaternion.h */,
				53BEC82E148933A900432D3C /* ofxVec2f.h */,
				53BEC82F148933A900432D3C /* ofxVec3f.h */,
				53BEC830148933A900432D3C /* ofxVec4f.h */,
				53BEC831148933A900432D3C /* ofxVectorMath.h */,
			);
			path = src;
			sourceTree = "<group>";
		};
		53BFB00B14BB096F00CFDF35 /* ofxOsc */ = {
			isa = PBXGroup;
			children = (
				53BFB00C14BB096F00CFDF35 /* install.xml */,
				53BFB00D14BB096F00CFDF35 /* libs */,
				53BFB03114BB096F00CFDF35 /* src */,
			);
			name = ofxOsc;
			path = ../../../../openFrameworks007/addons/ofxOsc;
			sourceTree = SOURCE_ROOT;
		};
		53BFB00D14BB096F00CFDF35 /* libs */ = {
			isa = PBXGroup;
			children = (
				53BFB00E14BB096F00CFDF35 /* oscpack */,
			);
			path = libs;
			sourceTree = "<group>";
		};
		53BFB00E14BB096F00CFDF35 /* oscpack */ = {
			isa = PBXGroup;
			children = (
				53BFB00F14BB096F00CFDF35 /* include */,
				53BFB01F14BB096F00CFDF35 /* lib */,
			);
			path = oscpack;
			sourceTree = "<group>";
		};
		53BFB00F14BB096F00CFDF35 /* include */ = {
			isa = PBXGroup;
			children = (
				53BFB01014BB096F00CFDF35 /* ip */,
				53BFB01614BB096F00CFDF35 /* osc */,
			);
			path = include;
			sourceTree = "<group>";
		};
		53BFB01014BB096F00CFDF35 /* ip */ = {
			isa = PBXGroup;
			children = (
				53BFB01114BB096F00CFDF35 /* IpEndpointName.h */,
				53BFB01214BB096F00CFDF35 /* NetworkingUtils.h */,
				53BFB01314BB096F00CFDF35 /* PacketListener.h */,
				53BFB01414BB096F00CFDF35 /* TimerListener.h */,
				53BFB01514BB096F00CFDF35 /* UdpSocket.h */,
			);
			path = ip;
			sourceTree = "<group>";
		};
		53BFB01614BB096F00CFDF35 /* osc */ = {
			isa = PBXGroup;
			children = (
				53BFB01714BB096F00CFDF35 /* MessageMappingOscPacketListener.h */,
				53BFB01814BB096F00CFDF35 /* OscException.h */,
				53BFB01914BB096F00CFDF35 /* OscHostEndianness.h */,
				53BFB01A14BB096F00CFDF35 /* OscOutboundPacketStream.h */,
				53BFB01B14BB096F00CFDF35 /* OscPacketListener.h */,
				53BFB01C14BB096F00CFDF35 /* OscPrintReceivedElements.h */,
				53BFB01D14BB096F00CFDF35 /* OscReceivedElements.h */,
				53BFB01E14BB096F00CFDF35 /* OscTypes.h */,
			);
			path = osc;
			sourceTree = "<group>";
		};
		53BFB01F14BB096F00CFDF35 /* lib */ = {
			isa = PBXGroup;
			children = (
				53BFB02014BB096F00CFDF35 /* android */,
				53BFB02414BB096F00CFDF35 /* iphone */,
				53BFB02614BB096F00CFDF35 /* linux */,
				53BFB02814BB096F00CFDF35 /* linux64 */,
				53BFB02A14BB096F00CFDF35 /* osx */,
				53BFB02C14BB096F00CFDF35 /* vs2010 */,
				53BFB02F14BB096F00CFDF35 /* win_cb */,
			);
			path = lib;
			sourceTree = "<group>";
		};
		53BFB02014BB096F00CFDF35 /* android */ = {
			isa = PBXGroup;
			children = (
				53BFB02114BB096F00CFDF35 /* arm7 */,
				53BFB02314BB096F00CFDF35 /* liboscpack.a */,
			);
			path = android;
			sourceTree = "<group>";
		};
		53BFB02114BB096F00CFDF35 /* arm7 */ = {
			isa = PBXGroup;
			children = (
				53BFB02214BB096F00CFDF35 /* liboscpack.a */,
			);
			path = arm7;
			sourceTree = "<group>";
		};
		53BFB02414BB096F00CFDF35 /* iphone */ = {
			isa = PBXGroup;
			children = (
				53BFB02514BB096F00CFDF35 /* osc.a */,
			);
			path = iphone;
			sourceTree = "<group>";
		};
		53BFB02614BB096F00CFDF35 /* linux */ = {
			isa = PBXGroup;
			children = (
				53BFB02714BB096F00CFDF35 /* liboscpack.a */,
			);
			path = linux;
			sourceTree = "<group>";
		};
		53BFB02814BB096F00CFDF35 /* linux64 */ = {
			isa = PBXGroup;
			children = (
				53BFB02914BB096F00CFDF35 /* liboscpack.a */,
			);
			path = linux64;
			sourceTree = "<group>";
		};
		53BFB02A14BB096F00CFDF35 /* osx */ = {
			isa = PBXGroup;
			children = (
				53BFB02B14BB096F00CFDF35 /* osc.a */,
			);
			path = osx;
			sourceTree = "<group>";
		};
		53BFB02C14BB096F00CFDF35 /* vs2010 */ = {
			isa = PBXGroup;
			children = (
				53BFB02D14BB096F00CFDF35 /* oscpack.lib */,
				53BFB02E14BB096F00CFDF35 /* oscpackd.lib */,
			);
			path = vs2010;
			sourceTree = "<group>";
		};
		53BFB02F14BB096F00CFDF35 /* win_cb */ = {
			isa = PBXGroup;
			children = (
				53BFB03014BB096F00CFDF35 /* oscpack.a */,
			);
			path = win_cb;
			sourceTree = "<group>";
		};
		53BFB03114BB096F00CFDF35 /* src */ = {
			isa = PBXGroup;
			children = (
				53BFB03214BB096F00CFDF35 /* ofxOsc.h */,
				53BFB03314BB096F00CFDF35 /* ofxOscArg.h */,
				53BFB03414BB096F00CFDF35 /* ofxOscBundle.cpp */,
				53BFB03514BB096F00CFDF35 /* ofxOscBundle.h */,
				53BFB03614BB096F00CFDF35 /* ofxOscMessage.cpp */,
				53BFB03714BB096F00CFDF35 /* ofxOscMessage.h */,
				53BFB03814BB096F00CFDF35 /* ofxOscReceiver.cpp */,
				53BFB03914BB096F00CFDF35 /* ofxOscReceiver.h */,
				53BFB03A14BB096F00CFDF35 /* ofxOscSender.cpp */,
				53BFB03B14BB096F00CFDF35 /* ofxOscSender.h */,
			);
			path = src;
			sourceTree = "<group>";
		};
		BB4B014C10F69532006C3DED /* addons */ = {
			isa = PBXGroup;
			children = (
				53BFB00B14BB096F00CFDF35 /* ofxOsc */,
				5332EE3714B361F1002C43D7 /* ofxMSAInteractiveObject */,
				5332EE4114B361F1002C43D7 /* ofxSimpleGuiToo */,
				5332EB0D14A22DE7002C43D7 /* ofxDirList */,
				5332EB1314A22DE8002C43D7 /* ofxXmlSettings */,
				53BEC826148933A900432D3C /* ofxVectorMath */,
			);
			name = addons;
			sourceTree = "<group>";
		};
		BBAB23C913894ECA00AA2426 /* system frameworks */ = {
			isa = PBXGroup;
			children = (
				E4C2424410CC5A17004149E2 /* AppKit.framework */,
				E4C2424510CC5A17004149E2 /* Cocoa.framework */,
				E4C2424610CC5A17004149E2 /* IOKit.framework */,
				E45BE9710E8CC7DD009D7055 /* AGL.framework */,
				E45BE9720E8CC7DD009D7055 /* ApplicationServices.framework */,
				E45BE9730E8CC7DD009D7055 /* AudioToolbox.framework */,
				E45BE9740E8CC7DD009D7055 /* Carbon.framework */,
				E45BE9750E8CC7DD009D7055 /* CoreAudio.framework */,
				E45BE9760E8CC7DD009D7055 /* CoreFoundation.framework */,
				E45BE9770E8CC7DD009D7055 /* CoreServices.framework */,
				E45BE9790E8CC7DD009D7055 /* OpenGL.framework */,
				E45BE97A0E8CC7DD009D7055 /* QuickTime.framework */,
			);
			name = "system frameworks";
			sourceTree = "<group>";
		};
		BBAB23CA13894EDB00AA2426 /* 3rd party frameworks */ = {
			isa = PBXGroup;
			children = (
				BBAB23BE13894E4700AA2426 /* GLUT.framework */,
			);
			name = "3rd party frameworks";
			sourceTree = "<group>";
		};
		E4328144138ABC890047C5CB /* Products */ = {
			isa = PBXGroup;
			children = (
				E4328148138ABC890047C5CB /* openFrameworksDebug.a */,
			);
			name = Products;
			sourceTree = "<group>";
		};
		E45BE5980E8CC70C009D7055 /* frameworks */ = {
			isa = PBXGroup;
			children = (
				BBAB23CA13894EDB00AA2426 /* 3rd party frameworks */,
				BBAB23C913894ECA00AA2426 /* system frameworks */,
			);
			name = frameworks;
			sourceTree = "<group>";
		};
		E4B69B4A0A3A1720003C02F2 = {
			isa = PBXGroup;
			children = (
				E4B6FCAD0C3E899E008CF71C /* openFrameworks-Info.plist */,
				E4EB6923138AFD0F00A09F29 /* Project.xcconfig */,
				E4B69E1C0A3A1BDC003C02F2 /* src */,
				E4EEC9E9138DF44700A80321 /* openFrameworks */,
				BB4B014C10F69532006C3DED /* addons */,
				E45BE5980E8CC70C009D7055 /* frameworks */,
				E4B69B5B0A3A1756003C02F2 /* emptyExampleDebug.app */,
			);
			sourceTree = "<group>";
		};
		E4B69E1C0A3A1BDC003C02F2 /* src */ = {
			isa = PBXGroup;
			children = (
				5332EB6014A25083002C43D7 /* springs */,
				5332EAB514A22C36002C43D7 /* graphics */,
				5332EABD14A22C36002C43D7 /* tracking */,
				E4B69E1D0A3A1BDC003C02F2 /* main.cpp */,
				E4B69E1E0A3A1BDC003C02F2 /* testApp.cpp */,
				E4B69E1F0A3A1BDC003C02F2 /* testApp.h */,
			);
			path = src;
			sourceTree = SOURCE_ROOT;
		};
		E4EEC9E9138DF44700A80321 /* openFrameworks */ = {
			isa = PBXGroup;
			children = (
				E4EB691F138AFCF100A09F29 /* CoreOF.xcconfig */,
				E4328143138ABC890047C5CB /* openFrameworksLib.xcodeproj */,
			);
			name = openFrameworks;
			sourceTree = "<group>";
		};
/* End PBXGroup section */

/* Begin PBXNativeTarget section */
		E4B69B5A0A3A1756003C02F2 /* emptyExample */ = {
			isa = PBXNativeTarget;
			buildConfigurationList = E4B69B5F0A3A1757003C02F2 /* Build configuration list for PBXNativeTarget "emptyExample" */;
			buildPhases = (
				E4B69B580A3A1756003C02F2 /* Sources */,
				E4B69B590A3A1756003C02F2 /* Frameworks */,
				E4B6FFFD0C3F9AB9008CF71C /* ShellScript */,
				E4C2427710CC5ABF004149E2 /* CopyFiles */,
			);
			buildRules = (
			);
			dependencies = (
				E4EEB9AC138B136A00A80321 /* PBXTargetDependency */,
			);
			name = emptyExample;
			productName = myOFApp;
			productReference = E4B69B5B0A3A1756003C02F2 /* emptyExampleDebug.app */;
			productType = "com.apple.product-type.application";
		};
/* End PBXNativeTarget section */

/* Begin PBXProject section */
		E4B69B4C0A3A1720003C02F2 /* Project object */ = {
			isa = PBXProject;
			buildConfigurationList = E4B69B4D0A3A1720003C02F2 /* Build configuration list for PBXProject "mallanegra" */;
			compatibilityVersion = "Xcode 2.4";
			hasScannedForEncodings = 0;
			knownRegions = (
				English,
				Japanese,
				French,
				German,
			);
			mainGroup = E4B69B4A0A3A1720003C02F2;
			productRefGroup = E4B69B4A0A3A1720003C02F2;
			projectDirPath = "";
			projectReferences = (
				{
					ProductGroup = E4328144138ABC890047C5CB /* Products */;
					ProjectRef = E4328143138ABC890047C5CB /* openFrameworksLib.xcodeproj */;
				},
			);
			projectRoot = "";
			targets = (
				E4B69B5A0A3A1756003C02F2 /* emptyExample */,
			);
		};
/* End PBXProject section */

/* Begin PBXReferenceProxy section */
		E4328148138ABC890047C5CB /* openFrameworksDebug.a */ = {
			isa = PBXReferenceProxy;
			fileType = archive.ar;
			path = openFrameworksDebug.a;
			remoteRef = E4328147138ABC890047C5CB /* PBXContainerItemProxy */;
			sourceTree = BUILT_PRODUCTS_DIR;
		};
/* End PBXReferenceProxy section */

/* Begin PBXShellScriptBuildPhase section */
		E4B6FFFD0C3F9AB9008CF71C /* ShellScript */ = {
			isa = PBXShellScriptBuildPhase;
			buildActionMask = 2147483647;
			files = (
			);
			inputPaths = (
			);
			outputPaths = (
			);
			runOnlyForDeploymentPostprocessing = 0;
			shellPath = /bin/sh;
			shellScript = "cp -f ../../../libs/fmodex/lib/osx/libfmodex.dylib \"$TARGET_BUILD_DIR/$PRODUCT_NAME.app/Contents/MacOS/libfmodex.dylib\"; install_name_tool -change ./libfmodex.dylib @executable_path/libfmodex.dylib \"$TARGET_BUILD_DIR/$PRODUCT_NAME.app/Contents/MacOS/$PRODUCT_NAME\";";
		};
/* End PBXShellScriptBuildPhase section */

/* Begin PBXSourcesBuildPhase section */
		E4B69B580A3A1756003C02F2 /* Sources */ = {
			isa = PBXSourcesBuildPhase;
			buildActionMask = 2147483647;
			files = (
				E4B69E200A3A1BDC003C02F2 /* main.cpp in Sources */,
				E4B69E210A3A1BDC003C02F2 /* testApp.cpp in Sources */,
				5332EAC014A22C36002C43D7 /* InteractiveMesh.cpp in Sources */,
				5332EAC214A22C36002C43D7 /* myTrackHand.cpp in Sources */,
				5332EB1D14A22DE8002C43D7 /* tinyxml.cpp in Sources */,
				5332EB1E14A22DE8002C43D7 /* tinyxmlerror.cpp in Sources */,
				5332EB1F14A22DE8002C43D7 /* tinyxmlparser.cpp in Sources */,
				5332EB2014A22DE8002C43D7 /* ofxXmlSettings.cpp in Sources */,
				5332EB6514A25083002C43D7 /* SpringMesh.cpp in Sources */,
				5332EE6B14B361F1002C43D7 /* ofxMSAInteractiveObject.cpp in Sources */,
				5332EE6C14B361F1002C43D7 /* ofxSimpleGuiButton.cpp in Sources */,
				5332EE6D14B361F1002C43D7 /* ofxSimpleGuiColorPicker.cpp in Sources */,
				5332EE6E14B361F1002C43D7 /* ofxSimpleGuiComboBox.cpp in Sources */,
				5332EE6F14B361F1002C43D7 /* ofxSimpleGuiContent.cpp in Sources */,
				5332EE7014B361F1002C43D7 /* ofxSimpleGuiFPSCounter.cpp in Sources */,
				5332EE7114B361F1002C43D7 /* ofxSimpleGuiMovieSlider.cpp in Sources */,
				5332EE7214B361F1002C43D7 /* ofxSimpleGuiQuadWarp.cpp in Sources */,
				5332EE7314B361F1002C43D7 /* ofxSimpleGuiSlider2d.cpp in Sources */,
				5332EE7414B361F1002C43D7 /* ofxSimpleGuiTitle.cpp in Sources */,
				5332EE7514B361F1002C43D7 /* ofxSimpleGuiToggle.cpp in Sources */,
				5332EE7614B361F1002C43D7 /* ofxSimpleGuiConfig.cpp in Sources */,
				5332EE7714B361F1002C43D7 /* ofxSimpleGuiControl.cpp in Sources */,
				5332EE7814B361F1002C43D7 /* ofxSimpleGuiPage.cpp in Sources */,
				5332EE7914B361F1002C43D7 /* ofxSimpleGuiToo.cpp in Sources */,
				5332EE7A14B361F1002C43D7 /* ofxSimpleGuiValueControl.cpp in Sources */,
				53BFB04514BB096F00CFDF35 /* ofxOscBundle.cpp in Sources */,
				53BFB04614BB096F00CFDF35 /* ofxOscMessage.cpp in Sources */,
				53BFB04714BB096F00CFDF35 /* ofxOscReceiver.cpp in Sources */,
				53BFB04814BB096F00CFDF35 /* ofxOscSender.cpp in Sources */,
			);
			runOnlyForDeploymentPostprocessing = 0;
		};
/* End PBXSourcesBuildPhase section */

/* Begin PBXTargetDependency section */
		E4EEB9AC138B136A00A80321 /* PBXTargetDependency */ = {
			isa = PBXTargetDependency;
			name = openFrameworks;
			targetProxy = E4EEB9AB138B136A00A80321 /* PBXContainerItemProxy */;
		};
/* End PBXTargetDependency section */

/* Begin XCBuildConfiguration section */
		E4B69B4E0A3A1720003C02F2 /* Debug */ = {
			isa = XCBuildConfiguration;
			baseConfigurationReference = E4EB6923138AFD0F00A09F29 /* Project.xcconfig */;
			buildSettings = {
				ARCHS = "$(NATIVE_ARCH)";
				CONFIGURATION_BUILD_DIR = "$(SRCROOT)/bin/";
				COPY_PHASE_STRIP = NO;
				DEAD_CODE_STRIPPING = YES;
				GCC_AUTO_VECTORIZATION = YES;
				GCC_ENABLE_SSE3_EXTENSIONS = YES;
				GCC_ENABLE_SUPPLEMENTAL_SSE3_INSTRUCTIONS = YES;
				GCC_INLINES_ARE_PRIVATE_EXTERN = NO;
				GCC_MODEL_TUNING = G5;
				GCC_SYMBOLS_PRIVATE_EXTERN = NO;
				GCC_WARN_ABOUT_DEPRECATED_FUNCTIONS = NO;
				GCC_WARN_ABOUT_INVALID_OFFSETOF_MACRO = NO;
				GCC_WARN_ALLOW_INCOMPLETE_PROTOCOL = NO;
				GCC_WARN_UNINITIALIZED_AUTOS = NO;
				GCC_WARN_UNUSED_VALUE = NO;
				GCC_WARN_UNUSED_VARIABLE = NO;
				OTHER_CPLUSPLUSFLAGS = (
					"-D__MACOSX_CORE__",
					"-lpthread",
				);
				SDKROOT = "$(DEVELOPER_SDK_DIR)/MacOSX10.6.sdk";
			};
			name = Debug;
		};
		E4B69B4F0A3A1720003C02F2 /* Release */ = {
			isa = XCBuildConfiguration;
			baseConfigurationReference = E4EB6923138AFD0F00A09F29 /* Project.xcconfig */;
			buildSettings = {
				ARCHS = "$(NATIVE_ARCH)";
				CONFIGURATION_BUILD_DIR = "$(SRCROOT)/bin/";
				COPY_PHASE_STRIP = YES;
				DEAD_CODE_STRIPPING = YES;
				GCC_AUTO_VECTORIZATION = YES;
				GCC_ENABLE_SSE3_EXTENSIONS = YES;
				GCC_ENABLE_SUPPLEMENTAL_SSE3_INSTRUCTIONS = YES;
				GCC_INLINES_ARE_PRIVATE_EXTERN = NO;
				GCC_MODEL_TUNING = G5;
				GCC_OPTIMIZATION_LEVEL = 3;
				GCC_SYMBOLS_PRIVATE_EXTERN = NO;
				GCC_UNROLL_LOOPS = YES;
				GCC_WARN_ABOUT_DEPRECATED_FUNCTIONS = NO;
				GCC_WARN_ABOUT_INVALID_OFFSETOF_MACRO = NO;
				GCC_WARN_ALLOW_INCOMPLETE_PROTOCOL = NO;
				GCC_WARN_UNINITIALIZED_AUTOS = NO;
				GCC_WARN_UNUSED_VALUE = NO;
				GCC_WARN_UNUSED_VARIABLE = NO;
				OTHER_CPLUSPLUSFLAGS = (
					"-D__MACOSX_CORE__",
					"-lpthread",
				);
				SDKROOT = "$(DEVELOPER_SDK_DIR)/MacOSX10.6.sdk";
			};
			name = Release;
		};
		E4B69B600A3A1757003C02F2 /* Debug */ = {
			isa = XCBuildConfiguration;
			buildSettings = {
				COPY_PHASE_STRIP = NO;
				FRAMEWORK_SEARCH_PATHS = (
					"$(inherited)",
					"$(FRAMEWORK_SEARCH_PATHS_QUOTED_FOR_TARGET_1)",
				);
				FRAMEWORK_SEARCH_PATHS_QUOTED_FOR_TARGET_1 = "\"$(SRCROOT)/../../../libs/glut/lib/osx\"";
				GCC_DYNAMIC_NO_PIC = NO;
				GCC_ENABLE_FIX_AND_CONTINUE = YES;
				GCC_GENERATE_DEBUGGING_SYMBOLS = YES;
				GCC_MODEL_TUNING = G4;
				GCC_PRECOMPILE_PREFIX_HEADER = YES;
				GCC_PREFIX_HEADER = "$(SYSTEM_LIBRARY_DIR)/Frameworks/Carbon.framework/Headers/Carbon.h";
				INFOPLIST_FILE = "openFrameworks-Info.plist";
				INSTALL_PATH = "$(HOME)/Applications";
				LIBRARY_SEARCH_PATHS = (
					"$(inherited)",
					"$(LIBRARY_SEARCH_PATHS_QUOTED_FOR_TARGET_1)",
					"$(LIBRARY_SEARCH_PATHS_QUOTED_FOR_TARGET_2)",
					"$(LIBRARY_SEARCH_PATHS_QUOTED_FOR_TARGET_3)",
					"$(LIBRARY_SEARCH_PATHS_QUOTED_FOR_TARGET_4)",
					"$(LIBRARY_SEARCH_PATHS_QUOTED_FOR_TARGET_5)",
					"$(LIBRARY_SEARCH_PATHS_QUOTED_FOR_TARGET_6)",
					"$(LIBRARY_SEARCH_PATHS_QUOTED_FOR_TARGET_7)",
					"$(LIBRARY_SEARCH_PATHS_QUOTED_FOR_TARGET_8)",
					"$(LIBRARY_SEARCH_PATHS_QUOTED_FOR_TARGET_9)",
					"$(LIBRARY_SEARCH_PATHS_QUOTED_FOR_TARGET_10)",
					"$(LIBRARY_SEARCH_PATHS_QUOTED_FOR_TARGET_11)",
					"$(LIBRARY_SEARCH_PATHS_QUOTED_FOR_TARGET_12)",
					"$(LIBRARY_SEARCH_PATHS_QUOTED_FOR_TARGET_13)",
					"$(LIBRARY_SEARCH_PATHS_QUOTED_FOR_TARGET_14)",
					"$(LIBRARY_SEARCH_PATHS_QUOTED_FOR_TARGET_15)",
					"$(LIBRARY_SEARCH_PATHS_QUOTED_FOR_TARGET_2)",
					"$(LIBRARY_SEARCH_PATHS_QUOTED_FOR_TARGET_3)",
					"$(LIBRARY_SEARCH_PATHS_QUOTED_FOR_TARGET_7)",
					"$(LIBRARY_SEARCH_PATHS_QUOTED_FOR_TARGET_8)",
					"$(LIBRARY_SEARCH_PATHS_QUOTED_FOR_TARGET_9)",
					"$(LIBRARY_SEARCH_PATHS_QUOTED_FOR_TARGET_10)",
					"$(LIBRARY_SEARCH_PATHS_QUOTED_FOR_TARGET_11)",
					"$(LIBRARY_SEARCH_PATHS_QUOTED_FOR_TARGET_12)",
					"$(LIBRARY_SEARCH_PATHS_QUOTED_FOR_TARGET_13)",
					"$(LIBRARY_SEARCH_PATHS_QUOTED_FOR_TARGET_16)",
					"$(LIBRARY_SEARCH_PATHS_QUOTED_FOR_TARGET_17)",
					"$(LIBRARY_SEARCH_PATHS_QUOTED_FOR_TARGET_18)",
					"$(LIBRARY_SEARCH_PATHS_QUOTED_FOR_TARGET_19)",
					"$(LIBRARY_SEARCH_PATHS_QUOTED_FOR_TARGET_20)",
					"$(LIBRARY_SEARCH_PATHS_QUOTED_FOR_TARGET_21)",
					"$(LIBRARY_SEARCH_PATHS_QUOTED_FOR_TARGET_22)",
					"$(LIBRARY_SEARCH_PATHS_QUOTED_FOR_TARGET_23)",
					"$(LIBRARY_SEARCH_PATHS_QUOTED_FOR_TARGET_24)",
					"$(LIBRARY_SEARCH_PATHS_QUOTED_FOR_TARGET_25)",
					"$(LIBRARY_SEARCH_PATHS_QUOTED_FOR_TARGET_26)",
					"$(LIBRARY_SEARCH_PATHS_QUOTED_FOR_TARGET_27)",
					"$(LIBRARY_SEARCH_PATHS_QUOTED_FOR_TARGET_28)",
					"$(LIBRARY_SEARCH_PATHS_QUOTED_FOR_TARGET_29)",
					"$(LIBRARY_SEARCH_PATHS_QUOTED_FOR_TARGET_30)",
					"$(LIBRARY_SEARCH_PATHS_QUOTED_FOR_TARGET_31)",
					"$(LIBRARY_SEARCH_PATHS_QUOTED_FOR_TARGET_32)",
					"$(LIBRARY_SEARCH_PATHS_QUOTED_FOR_TARGET_33)",
					"$(LIBRARY_SEARCH_PATHS_QUOTED_FOR_TARGET_34)",
					"$(LIBRARY_SEARCH_PATHS_QUOTED_FOR_TARGET_35)",
					"$(LIBRARY_SEARCH_PATHS_QUOTED_FOR_TARGET_36)",
					"$(LIBRARY_SEARCH_PATHS_QUOTED_FOR_TARGET_37)",
					"$(LIBRARY_SEARCH_PATHS_QUOTED_FOR_TARGET_38)",
					"$(LIBRARY_SEARCH_PATHS_QUOTED_FOR_TARGET_39)",
					"$(LIBRARY_SEARCH_PATHS_QUOTED_FOR_TARGET_40)",
					"$(LIBRARY_SEARCH_PATHS_QUOTED_FOR_TARGET_41)",
					"$(LIBRARY_SEARCH_PATHS_QUOTED_FOR_TARGET_42)",
					"$(LIBRARY_SEARCH_PATHS_QUOTED_FOR_TARGET_43)",
					"$(LIBRARY_SEARCH_PATHS_QUOTED_FOR_TARGET_44)",
					"$(LIBRARY_SEARCH_PATHS_QUOTED_FOR_TARGET_45)",
					"$(LIBRARY_SEARCH_PATHS_QUOTED_FOR_TARGET_46)",
					"$(LIBRARY_SEARCH_PATHS_QUOTED_FOR_TARGET_47)",
					"$(LIBRARY_SEARCH_PATHS_QUOTED_FOR_TARGET_48)",
					"$(LIBRARY_SEARCH_PATHS_QUOTED_FOR_TARGET_49)",
					"$(LIBRARY_SEARCH_PATHS_QUOTED_FOR_TARGET_50)",
					"$(LIBRARY_SEARCH_PATHS_QUOTED_FOR_TARGET_51)",
					"$(LIBRARY_SEARCH_PATHS_QUOTED_FOR_TARGET_52)",
					"$(LIBRARY_SEARCH_PATHS_QUOTED_FOR_TARGET_1)",
					"$(LIBRARY_SEARCH_PATHS_QUOTED_FOR_TARGET_2)",
					"$(LIBRARY_SEARCH_PATHS_QUOTED_FOR_TARGET_3)",
					"$(LIBRARY_SEARCH_PATHS_QUOTED_FOR_TARGET_4)",
					"$(LIBRARY_SEARCH_PATHS_QUOTED_FOR_TARGET_5)",
					"$(LIBRARY_SEARCH_PATHS_QUOTED_FOR_TARGET_6)",
					"$(LIBRARY_SEARCH_PATHS_QUOTED_FOR_TARGET_7)",
					"$(LIBRARY_SEARCH_PATHS_QUOTED_FOR_TARGET_8)",
				);
				LIBRARY_SEARCH_PATHS_QUOTED_FOR_TARGET_1 = "\"$(SRCROOT)/../../../../openFrameworks007/addons/ofxOsc/libs/oscpack/lib/android/arm7\"";
				LIBRARY_SEARCH_PATHS_QUOTED_FOR_TARGET_2 = "\"$(SRCROOT)/../../../../openFrameworks007/addons/ofxOsc/libs/oscpack/lib/android\"";
				LIBRARY_SEARCH_PATHS_QUOTED_FOR_TARGET_3 = "\"$(SRCROOT)/../../../../openFrameworks007/addons/ofxOsc/libs/oscpack/lib/iphone\"";
				LIBRARY_SEARCH_PATHS_QUOTED_FOR_TARGET_4 = "\"$(SRCROOT)/../../../../openFrameworks007/addons/ofxOsc/libs/oscpack/lib/linux\"";
				LIBRARY_SEARCH_PATHS_QUOTED_FOR_TARGET_5 = "\"$(SRCROOT)/../../../../openFrameworks007/addons/ofxOsc/libs/oscpack/lib/linux64\"";
				LIBRARY_SEARCH_PATHS_QUOTED_FOR_TARGET_6 = "\"$(SRCROOT)/../../../../openFrameworks007/addons/ofxOsc/libs/oscpack/lib/osx\"";
				LIBRARY_SEARCH_PATHS_QUOTED_FOR_TARGET_7 = "\"$(SRCROOT)/../../../../openFrameworks007/addons/ofxOsc/libs/oscpack/lib/vs2010\"";
				LIBRARY_SEARCH_PATHS_QUOTED_FOR_TARGET_8 = "\"$(SRCROOT)/../../../../openFrameworks007/addons/ofxOsc/libs/oscpack/lib/win_cb\"";
				PREBINDING = NO;
				PRODUCT_NAME = "$(TARGET_NAME)Debug";
				WRAPPER_EXTENSION = app;
			};
			name = Debug;
		};
		E4B69B610A3A1757003C02F2 /* Release */ = {
			isa = XCBuildConfiguration;
			buildSettings = {
				COPY_PHASE_STRIP = YES;
				FRAMEWORK_SEARCH_PATHS = (
					"$(inherited)",
					"$(FRAMEWORK_SEARCH_PATHS_QUOTED_FOR_TARGET_1)",
				);
				FRAMEWORK_SEARCH_PATHS_QUOTED_FOR_TARGET_1 = "\"$(SRCROOT)/../../../libs/glut/lib/osx\"";
				GCC_ENABLE_FIX_AND_CONTINUE = NO;
				GCC_GENERATE_DEBUGGING_SYMBOLS = NO;
				GCC_MODEL_TUNING = G4;
				GCC_PRECOMPILE_PREFIX_HEADER = YES;
				GCC_PREFIX_HEADER = "$(SYSTEM_LIBRARY_DIR)/Frameworks/Carbon.framework/Headers/Carbon.h";
				INFOPLIST_FILE = "openFrameworks-Info.plist";
				INSTALL_PATH = "$(HOME)/Applications";
				LIBRARY_SEARCH_PATHS = (
					"$(inherited)",
					"$(LIBRARY_SEARCH_PATHS_QUOTED_FOR_TARGET_1)",
					"$(LIBRARY_SEARCH_PATHS_QUOTED_FOR_TARGET_2)",
					"$(LIBRARY_SEARCH_PATHS_QUOTED_FOR_TARGET_3)",
					"$(LIBRARY_SEARCH_PATHS_QUOTED_FOR_TARGET_4)",
					"$(LIBRARY_SEARCH_PATHS_QUOTED_FOR_TARGET_5)",
					"$(LIBRARY_SEARCH_PATHS_QUOTED_FOR_TARGET_6)",
					"$(LIBRARY_SEARCH_PATHS_QUOTED_FOR_TARGET_7)",
					"$(LIBRARY_SEARCH_PATHS_QUOTED_FOR_TARGET_8)",
					"$(LIBRARY_SEARCH_PATHS_QUOTED_FOR_TARGET_9)",
					"$(LIBRARY_SEARCH_PATHS_QUOTED_FOR_TARGET_10)",
					"$(LIBRARY_SEARCH_PATHS_QUOTED_FOR_TARGET_11)",
					"$(LIBRARY_SEARCH_PATHS_QUOTED_FOR_TARGET_12)",
					"$(LIBRARY_SEARCH_PATHS_QUOTED_FOR_TARGET_13)",
					"$(LIBRARY_SEARCH_PATHS_QUOTED_FOR_TARGET_14)",
					"$(LIBRARY_SEARCH_PATHS_QUOTED_FOR_TARGET_15)",
					"$(LIBRARY_SEARCH_PATHS_QUOTED_FOR_TARGET_2)",
					"$(LIBRARY_SEARCH_PATHS_QUOTED_1)",
					"$(LIBRARY_SEARCH_PATHS_QUOTED_FOR_TARGET_3)",
					"$(LIBRARY_SEARCH_PATHS_QUOTED_FOR_TARGET_7)",
					"$(LIBRARY_SEARCH_PATHS_QUOTED_FOR_TARGET_8)",
					"$(LIBRARY_SEARCH_PATHS_QUOTED_FOR_TARGET_9)",
					"$(LIBRARY_SEARCH_PATHS_QUOTED_FOR_TARGET_10)",
					"$(LIBRARY_SEARCH_PATHS_QUOTED_FOR_TARGET_11)",
					"$(LIBRARY_SEARCH_PATHS_QUOTED_FOR_TARGET_12)",
					"$(LIBRARY_SEARCH_PATHS_QUOTED_FOR_TARGET_13)",
					"$(LIBRARY_SEARCH_PATHS_QUOTED_FOR_TARGET_16)",
					"$(LIBRARY_SEARCH_PATHS_QUOTED_FOR_TARGET_17)",
					"$(LIBRARY_SEARCH_PATHS_QUOTED_FOR_TARGET_18)",
					"$(LIBRARY_SEARCH_PATHS_QUOTED_FOR_TARGET_19)",
					"$(LIBRARY_SEARCH_PATHS_QUOTED_FOR_TARGET_20)",
					"$(LIBRARY_SEARCH_PATHS_QUOTED_FOR_TARGET_21)",
					"$(LIBRARY_SEARCH_PATHS_QUOTED_FOR_TARGET_22)",
					"$(LIBRARY_SEARCH_PATHS_QUOTED_FOR_TARGET_23)",
					"$(LIBRARY_SEARCH_PATHS_QUOTED_FOR_TARGET_24)",
					"$(LIBRARY_SEARCH_PATHS_QUOTED_FOR_TARGET_25)",
					"$(LIBRARY_SEARCH_PATHS_QUOTED_FOR_TARGET_26)",
					"$(LIBRARY_SEARCH_PATHS_QUOTED_FOR_TARGET_27)",
					"$(LIBRARY_SEARCH_PATHS_QUOTED_FOR_TARGET_28)",
					"$(LIBRARY_SEARCH_PATHS_QUOTED_FOR_TARGET_29)",
					"$(LIBRARY_SEARCH_PATHS_QUOTED_FOR_TARGET_30)",
					"$(LIBRARY_SEARCH_PATHS_QUOTED_FOR_TARGET_31)",
					"$(LIBRARY_SEARCH_PATHS_QUOTED_FOR_TARGET_32)",
					"$(LIBRARY_SEARCH_PATHS_QUOTED_FOR_TARGET_33)",
					"$(LIBRARY_SEARCH_PATHS_QUOTED_FOR_TARGET_34)",
					"$(LIBRARY_SEARCH_PATHS_QUOTED_FOR_TARGET_35)",
					"$(LIBRARY_SEARCH_PATHS_QUOTED_FOR_TARGET_36)",
					"$(LIBRARY_SEARCH_PATHS_QUOTED_FOR_TARGET_37)",
					"$(LIBRARY_SEARCH_PATHS_QUOTED_FOR_TARGET_38)",
					"$(LIBRARY_SEARCH_PATHS_QUOTED_FOR_TARGET_39)",
					"$(LIBRARY_SEARCH_PATHS_QUOTED_FOR_TARGET_40)",
					"$(LIBRARY_SEARCH_PATHS_QUOTED_FOR_TARGET_41)",
					"$(LIBRARY_SEARCH_PATHS_QUOTED_FOR_TARGET_42)",
					"$(LIBRARY_SEARCH_PATHS_QUOTED_FOR_TARGET_43)",
					"$(LIBRARY_SEARCH_PATHS_QUOTED_FOR_TARGET_44)",
					"$(LIBRARY_SEARCH_PATHS_QUOTED_FOR_TARGET_45)",
					"$(LIBRARY_SEARCH_PATHS_QUOTED_FOR_TARGET_46)",
					"$(LIBRARY_SEARCH_PATHS_QUOTED_FOR_TARGET_47)",
					"$(LIBRARY_SEARCH_PATHS_QUOTED_FOR_TARGET_48)",
					"$(LIBRARY_SEARCH_PATHS_QUOTED_FOR_TARGET_49)",
					"$(LIBRARY_SEARCH_PATHS_QUOTED_FOR_TARGET_50)",
					"$(LIBRARY_SEARCH_PATHS_QUOTED_FOR_TARGET_51)",
					"$(LIBRARY_SEARCH_PATHS_QUOTED_FOR_TARGET_1)",
					"$(LIBRARY_SEARCH_PATHS_QUOTED_FOR_TARGET_2)",
					"$(LIBRARY_SEARCH_PATHS_QUOTED_FOR_TARGET_3)",
					"$(LIBRARY_SEARCH_PATHS_QUOTED_FOR_TARGET_4)",
					"$(LIBRARY_SEARCH_PATHS_QUOTED_FOR_TARGET_5)",
					"$(LIBRARY_SEARCH_PATHS_QUOTED_FOR_TARGET_6)",
					"$(LIBRARY_SEARCH_PATHS_QUOTED_FOR_TARGET_7)",
					"$(LIBRARY_SEARCH_PATHS_QUOTED_FOR_TARGET_8)",
				);
				LIBRARY_SEARCH_PATHS_QUOTED_FOR_TARGET_1 = "\"$(SRCROOT)/../../../../openFrameworks007/addons/ofxOsc/libs/oscpack/lib/android/arm7\"";
				LIBRARY_SEARCH_PATHS_QUOTED_FOR_TARGET_2 = "\"$(SRCROOT)/../../../../openFrameworks007/addons/ofxOsc/libs/oscpack/lib/android\"";
				LIBRARY_SEARCH_PATHS_QUOTED_FOR_TARGET_3 = "\"$(SRCROOT)/../../../../openFrameworks007/addons/ofxOsc/libs/oscpack/lib/iphone\"";
				LIBRARY_SEARCH_PATHS_QUOTED_FOR_TARGET_4 = "\"$(SRCROOT)/../../../../openFrameworks007/addons/ofxOsc/libs/oscpack/lib/linux\"";
				LIBRARY_SEARCH_PATHS_QUOTED_FOR_TARGET_5 = "\"$(SRCROOT)/../../../../openFrameworks007/addons/ofxOsc/libs/oscpack/lib/linux64\"";
				LIBRARY_SEARCH_PATHS_QUOTED_FOR_TARGET_6 = "\"$(SRCROOT)/../../../../openFrameworks007/addons/ofxOsc/libs/oscpack/lib/osx\"";
				LIBRARY_SEARCH_PATHS_QUOTED_FOR_TARGET_7 = "\"$(SRCROOT)/../../../../openFrameworks007/addons/ofxOsc/libs/oscpack/lib/vs2010\"";
				LIBRARY_SEARCH_PATHS_QUOTED_FOR_TARGET_8 = "\"$(SRCROOT)/../../../../openFrameworks007/addons/ofxOsc/libs/oscpack/lib/win_cb\"";
				PREBINDING = NO;
				PRODUCT_NAME = "$(TARGET_NAME)";
				WRAPPER_EXTENSION = app;
			};
			name = Release;
		};
/* End XCBuildConfiguration section */

/* Begin XCConfigurationList section */
		E4B69B4D0A3A1720003C02F2 /* Build configuration list for PBXProject "mallanegra" */ = {
			isa = XCConfigurationList;
			buildConfigurations = (
				E4B69B4E0A3A1720003C02F2 /* Debug */,
				E4B69B4F0A3A1720003C02F2 /* Release */,
			);
			defaultConfigurationIsVisible = 0;
			defaultConfigurationName = Release;
		};
		E4B69B5F0A3A1757003C02F2 /* Build configuration list for PBXNativeTarget "emptyExample" */ = {
			isa = XCConfigurationList;
			buildConfigurations = (
				E4B69B600A3A1757003C02F2 /* Debug */,
				E4B69B610A3A1757003C02F2 /* Release */,
			);
			defaultConfigurationIsVisible = 0;
			defaultConfigurationName = Release;
		};
/* End XCConfigurationList section */
	};
	rootObject = E4B69B4C0A3A1720003C02F2 /* Project object */;
}
